// !$*UTF8*$!
{
	archiveVersion = 1;
	classes = {
	};
	objectVersion = 46;
	objects = {

/* Begin PBXBuildFile section */
		A3F9A37F119E94D5EAD5F7F7 /* Pods.framework in Frameworks */ = {isa = PBXBuildFile; fileRef = 64F39D61BF80B5DF64BA7B68 /* Pods.framework */; settings = {ATTRIBUTES = (Weak, ); }; };
		E90185831BB3046E00F1BCAB /* SolarSystemSelector.swift in Sources */ = {isa = PBXBuildFile; fileRef = E90185821BB3046E00F1BCAB /* SolarSystemSelector.swift */; settings = {ASSET_TAGS = (); }; };
		E90185861BB33B7C00F1BCAB /* TransferAnglePhaseView.swift in Sources */ = {isa = PBXBuildFile; fileRef = E90185841BB33B7C00F1BCAB /* TransferAnglePhaseView.swift */; settings = {ASSET_TAGS = (); }; };
		E90185871BB33B7C00F1BCAB /* TransferManoeuverView.swift in Sources */ = {isa = PBXBuildFile; fileRef = E90185851BB33B7C00F1BCAB /* TransferManoeuverView.swift */; settings = {ASSET_TAGS = (); }; };
		E901858E1BB33B9300F1BCAB /* TransferFormViewController.swift in Sources */ = {isa = PBXBuildFile; fileRef = E90185891BB33B9300F1BCAB /* TransferFormViewController.swift */; settings = {ASSET_TAGS = (); }; };
		E901858F1BB33B9300F1BCAB /* TransferManoeuverViewController.swift in Sources */ = {isa = PBXBuildFile; fileRef = E901858A1BB33B9300F1BCAB /* TransferManoeuverViewController.swift */; settings = {ASSET_TAGS = (); }; };
		E90185901BB33B9300F1BCAB /* TransferPhaseAngleViewController.swift in Sources */ = {isa = PBXBuildFile; fileRef = E901858B1BB33B9300F1BCAB /* TransferPhaseAngleViewController.swift */; settings = {ASSET_TAGS = (); }; };
		E90185911BB33B9300F1BCAB /* TransferResultModalController.swift in Sources */ = {isa = PBXBuildFile; fileRef = E901858C1BB33B9300F1BCAB /* TransferResultModalController.swift */; settings = {ASSET_TAGS = (); }; };
		E90185941BB348E000F1BCAB /* TransferResultTableViewController.swift in Sources */ = {isa = PBXBuildFile; fileRef = E90185931BB348E000F1BCAB /* TransferResultTableViewController.swift */; settings = {ASSET_TAGS = (); }; };
		E90185981BB469E400F1BCAB /* DistributionFormViewController.swift in Sources */ = {isa = PBXBuildFile; fileRef = E90185961BB469E400F1BCAB /* DistributionFormViewController.swift */; settings = {ASSET_TAGS = (); }; };
		E901859B1BB46A5400F1BCAB /* DistributionResultTableViewController.swift in Sources */ = {isa = PBXBuildFile; fileRef = E901859A1BB46A5400F1BCAB /* DistributionResultTableViewController.swift */; settings = {ASSET_TAGS = (); }; };
		E901859E1BB4A8DE00F1BCAB /* SettingsViewController.swift in Sources */ = {isa = PBXBuildFile; fileRef = E901859D1BB4A8DE00F1BCAB /* SettingsViewController.swift */; settings = {ASSET_TAGS = (); }; };
		E90185A01BB4C2AC00F1BCAB /* IAPControllerProductIds.plist in Resources */ = {isa = PBXBuildFile; fileRef = E901859F1BB4C2AC00F1BCAB /* IAPControllerProductIds.plist */; settings = {ASSET_TAGS = (); }; };
		E907FE961BB1ED4000857D14 /* AppDelegate.swift in Sources */ = {isa = PBXBuildFile; fileRef = E907FE951BB1ED4000857D14 /* AppDelegate.swift */; };
		E907FE9D1BB1ED4000857D14 /* Main.storyboard in Resources */ = {isa = PBXBuildFile; fileRef = E907FE9B1BB1ED4000857D14 /* Main.storyboard */; };
		E907FE9F1BB1ED4000857D14 /* Assets.xcassets in Resources */ = {isa = PBXBuildFile; fileRef = E907FE9E1BB1ED4000857D14 /* Assets.xcassets */; };
		E907FEA21BB1ED4000857D14 /* LaunchScreen.storyboard in Resources */ = {isa = PBXBuildFile; fileRef = E907FEA01BB1ED4000857D14 /* LaunchScreen.storyboard */; };
		E924D7261BB2E0D400443B4E /* OuterPlanets.json in Resources */ = {isa = PBXBuildFile; fileRef = E924D7251BB2E0D400443B4E /* OuterPlanets.json */; settings = {ASSET_TAGS = (); }; };
		E92A43AA1BB20DFE009B7526 /* Localizable.strings in Resources */ = {isa = PBXBuildFile; fileRef = E92A43AC1BB20DFE009B7526 /* Localizable.strings */; };
		E9808C0B1BB200AA000FA2CC /* System.json in Resources */ = {isa = PBXBuildFile; fileRef = E9808BFE1BB200AA000FA2CC /* System.json */; settings = {ASSET_TAGS = (); }; };
		E9808C0C1BB200AA000FA2CC /* DataManager.swift in Sources */ = {isa = PBXBuildFile; fileRef = E9808BFF1BB200AA000FA2CC /* DataManager.swift */; settings = {ASSET_TAGS = (); }; };
		E9808C0D1BB200AA000FA2CC /* SettingsManager.swift in Sources */ = {isa = PBXBuildFile; fileRef = E9808C001BB200AA000FA2CC /* SettingsManager.swift */; settings = {ASSET_TAGS = (); }; };
		E9808C0E1BB200AA000FA2CC /* Atmosphere.swift in Sources */ = {isa = PBXBuildFile; fileRef = E9808C021BB200AA000FA2CC /* Atmosphere.swift */; settings = {ASSET_TAGS = (); }; };
		E9808C0F1BB200AA000FA2CC /* Celestial.swift in Sources */ = {isa = PBXBuildFile; fileRef = E9808C031BB200AA000FA2CC /* Celestial.swift */; settings = {ASSET_TAGS = (); }; };
		E9808C101BB200AA000FA2CC /* Constants.swift in Sources */ = {isa = PBXBuildFile; fileRef = E9808C041BB200AA000FA2CC /* Constants.swift */; settings = {ASSET_TAGS = (); }; };
		E9808C111BB200AA000FA2CC /* Orbit.swift in Sources */ = {isa = PBXBuildFile; fileRef = E9808C051BB200AA000FA2CC /* Orbit.swift */; settings = {ASSET_TAGS = (); }; };
		E9808C121BB200AA000FA2CC /* CelestialsTableViewController.swift in Sources */ = {isa = PBXBuildFile; fileRef = E9808C081BB200AA000FA2CC /* CelestialsTableViewController.swift */; settings = {ASSET_TAGS = (); }; };
		E9808C131BB200AA000FA2CC /* CelestialViewController.swift in Sources */ = {isa = PBXBuildFile; fileRef = E9808C091BB200AA000FA2CC /* CelestialViewController.swift */; settings = {ASSET_TAGS = (); }; };
		E9A288231BB2281300714612 /* KSPSplitViewController.swift in Sources */ = {isa = PBXBuildFile; fileRef = E9A288221BB2281300714612 /* KSPSplitViewController.swift */; settings = {ASSET_TAGS = (); }; };
/* End PBXBuildFile section */

/* Begin PBXCopyFilesBuildPhase section */
		E9808BFB1BB1FE70000FA2CC /* Embed Frameworks */ = {
			isa = PBXCopyFilesBuildPhase;
			buildActionMask = 2147483647;
			dstPath = "";
			dstSubfolderSpec = 10;
			files = (
			);
			name = "Embed Frameworks";
			runOnlyForDeploymentPostprocessing = 0;
		};
/* End PBXCopyFilesBuildPhase section */

/* Begin PBXFileReference section */
		25F59577345E9C38C2D08C5C /* Pods.debug.xcconfig */ = {isa = PBXFileReference; includeInIndex = 1; lastKnownFileType = text.xcconfig; name = Pods.debug.xcconfig; path = "Pods/Target Support Files/Pods/Pods.debug.xcconfig"; sourceTree = "<group>"; };
		453AAB7E7C22AFE04A3A6A9B /* Pods.release.xcconfig */ = {isa = PBXFileReference; includeInIndex = 1; lastKnownFileType = text.xcconfig; name = Pods.release.xcconfig; path = "Pods/Target Support Files/Pods/Pods.release.xcconfig"; sourceTree = "<group>"; };
		64F39D61BF80B5DF64BA7B68 /* Pods.framework */ = {isa = PBXFileReference; explicitFileType = wrapper.framework; includeInIndex = 0; path = Pods.framework; sourceTree = BUILT_PRODUCTS_DIR; };
		E90185821BB3046E00F1BCAB /* SolarSystemSelector.swift */ = {isa = PBXFileReference; fileEncoding = 4; lastKnownFileType = sourcecode.swift; path = SolarSystemSelector.swift; sourceTree = "<group>"; };
		E90185841BB33B7C00F1BCAB /* TransferAnglePhaseView.swift */ = {isa = PBXFileReference; fileEncoding = 4; lastKnownFileType = sourcecode.swift; path = TransferAnglePhaseView.swift; sourceTree = "<group>"; };
		E90185851BB33B7C00F1BCAB /* TransferManoeuverView.swift */ = {isa = PBXFileReference; fileEncoding = 4; lastKnownFileType = sourcecode.swift; path = TransferManoeuverView.swift; sourceTree = "<group>"; };
		E90185891BB33B9300F1BCAB /* TransferFormViewController.swift */ = {isa = PBXFileReference; fileEncoding = 4; lastKnownFileType = sourcecode.swift; path = TransferFormViewController.swift; sourceTree = "<group>"; };
		E901858A1BB33B9300F1BCAB /* TransferManoeuverViewController.swift */ = {isa = PBXFileReference; fileEncoding = 4; lastKnownFileType = sourcecode.swift; path = TransferManoeuverViewController.swift; sourceTree = "<group>"; };
		E901858B1BB33B9300F1BCAB /* TransferPhaseAngleViewController.swift */ = {isa = PBXFileReference; fileEncoding = 4; lastKnownFileType = sourcecode.swift; path = TransferPhaseAngleViewController.swift; sourceTree = "<group>"; };
		E901858C1BB33B9300F1BCAB /* TransferResultModalController.swift */ = {isa = PBXFileReference; fileEncoding = 4; lastKnownFileType = sourcecode.swift; path = TransferResultModalController.swift; sourceTree = "<group>"; };
		E90185931BB348E000F1BCAB /* TransferResultTableViewController.swift */ = {isa = PBXFileReference; fileEncoding = 4; lastKnownFileType = sourcecode.swift; path = TransferResultTableViewController.swift; sourceTree = "<group>"; };
		E90185961BB469E400F1BCAB /* DistributionFormViewController.swift */ = {isa = PBXFileReference; fileEncoding = 4; lastKnownFileType = sourcecode.swift; path = DistributionFormViewController.swift; sourceTree = "<group>"; };
		E901859A1BB46A5400F1BCAB /* DistributionResultTableViewController.swift */ = {isa = PBXFileReference; fileEncoding = 4; lastKnownFileType = sourcecode.swift; path = DistributionResultTableViewController.swift; sourceTree = "<group>"; };
		E901859D1BB4A8DE00F1BCAB /* SettingsViewController.swift */ = {isa = PBXFileReference; fileEncoding = 4; lastKnownFileType = sourcecode.swift; path = SettingsViewController.swift; sourceTree = "<group>"; };
		E901859F1BB4C2AC00F1BCAB /* IAPControllerProductIds.plist */ = {isa = PBXFileReference; fileEncoding = 4; lastKnownFileType = text.plist.xml; path = IAPControllerProductIds.plist; sourceTree = "<group>"; };
		E907FE921BB1ED4000857D14 /* KSPCompanion.app */ = {isa = PBXFileReference; explicitFileType = wrapper.application; includeInIndex = 0; path = KSPCompanion.app; sourceTree = BUILT_PRODUCTS_DIR; };
		E907FE951BB1ED4000857D14 /* AppDelegate.swift */ = {isa = PBXFileReference; lastKnownFileType = sourcecode.swift; path = AppDelegate.swift; sourceTree = "<group>"; };
		E907FE9C1BB1ED4000857D14 /* Base */ = {isa = PBXFileReference; lastKnownFileType = file.storyboard; name = Base; path = Base.lproj/Main.storyboard; sourceTree = "<group>"; };
		E907FE9E1BB1ED4000857D14 /* Assets.xcassets */ = {isa = PBXFileReference; lastKnownFileType = folder.assetcatalog; path = Assets.xcassets; sourceTree = "<group>"; };
		E907FEA11BB1ED4000857D14 /* Base */ = {isa = PBXFileReference; lastKnownFileType = file.storyboard; name = Base; path = Base.lproj/LaunchScreen.storyboard; sourceTree = "<group>"; };
		E907FEA31BB1ED4000857D14 /* Info.plist */ = {isa = PBXFileReference; lastKnownFileType = text.plist.xml; path = Info.plist; sourceTree = "<group>"; };
		E924D7251BB2E0D400443B4E /* OuterPlanets.json */ = {isa = PBXFileReference; fileEncoding = 4; lastKnownFileType = text.json; path = OuterPlanets.json; sourceTree = "<group>"; };
		E92A43AB1BB20DFE009B7526 /* en */ = {isa = PBXFileReference; lastKnownFileType = text.plist.strings; name = en; path = en.lproj/Localizable.strings; sourceTree = "<group>"; };
		E92A43AD1BB20E25009B7526 /* fr */ = {isa = PBXFileReference; lastKnownFileType = text.plist.strings; name = fr; path = fr.lproj/Localizable.strings; sourceTree = "<group>"; };
		E9808BFE1BB200AA000FA2CC /* System.json */ = {isa = PBXFileReference; fileEncoding = 4; lastKnownFileType = text.json; path = System.json; sourceTree = "<group>"; };
		E9808BFF1BB200AA000FA2CC /* DataManager.swift */ = {isa = PBXFileReference; fileEncoding = 4; lastKnownFileType = sourcecode.swift; path = DataManager.swift; sourceTree = "<group>"; };
		E9808C001BB200AA000FA2CC /* SettingsManager.swift */ = {isa = PBXFileReference; fileEncoding = 4; lastKnownFileType = sourcecode.swift; path = SettingsManager.swift; sourceTree = "<group>"; };
		E9808C021BB200AA000FA2CC /* Atmosphere.swift */ = {isa = PBXFileReference; fileEncoding = 4; lastKnownFileType = sourcecode.swift; path = Atmosphere.swift; sourceTree = "<group>"; };
		E9808C031BB200AA000FA2CC /* Celestial.swift */ = {isa = PBXFileReference; fileEncoding = 4; lastKnownFileType = sourcecode.swift; path = Celestial.swift; sourceTree = "<group>"; };
		E9808C041BB200AA000FA2CC /* Constants.swift */ = {isa = PBXFileReference; fileEncoding = 4; lastKnownFileType = sourcecode.swift; path = Constants.swift; sourceTree = "<group>"; };
		E9808C051BB200AA000FA2CC /* Orbit.swift */ = {isa = PBXFileReference; fileEncoding = 4; lastKnownFileType = sourcecode.swift; path = Orbit.swift; sourceTree = "<group>"; };
		E9808C081BB200AA000FA2CC /* CelestialsTableViewController.swift */ = {isa = PBXFileReference; fileEncoding = 4; lastKnownFileType = sourcecode.swift; path = CelestialsTableViewController.swift; sourceTree = "<group>"; };
		E9808C091BB200AA000FA2CC /* CelestialViewController.swift */ = {isa = PBXFileReference; fileEncoding = 4; lastKnownFileType = sourcecode.swift; path = CelestialViewController.swift; sourceTree = "<group>"; };
		E9A288221BB2281300714612 /* KSPSplitViewController.swift */ = {isa = PBXFileReference; fileEncoding = 4; lastKnownFileType = sourcecode.swift; path = KSPSplitViewController.swift; sourceTree = "<group>"; };
/* End PBXFileReference section */

/* Begin PBXFrameworksBuildPhase section */
		E907FE8F1BB1ED4000857D14 /* Frameworks */ = {
			isa = PBXFrameworksBuildPhase;
			buildActionMask = 2147483647;
			files = (
				A3F9A37F119E94D5EAD5F7F7 /* Pods.framework in Frameworks */,
			);
			runOnlyForDeploymentPostprocessing = 0;
		};
/* End PBXFrameworksBuildPhase section */

/* Begin PBXGroup section */
		8A5468D2B8F629837BC2DE9F /* Pods */ = {
			isa = PBXGroup;
			children = (
				25F59577345E9C38C2D08C5C /* Pods.debug.xcconfig */,
				453AAB7E7C22AFE04A3A6A9B /* Pods.release.xcconfig */,
			);
			name = Pods;
			sourceTree = "<group>";
		};
		B29E747990CF4026D7E5F625 /* Frameworks */ = {
			isa = PBXGroup;
			children = (
				64F39D61BF80B5DF64BA7B68 /* Pods.framework */,
			);
			name = Frameworks;
			sourceTree = "<group>";
		};
		E90185881BB33B9300F1BCAB /* Transfer */ = {
			isa = PBXGroup;
			children = (
				E90185891BB33B9300F1BCAB /* TransferFormViewController.swift */,
				E90185931BB348E000F1BCAB /* TransferResultTableViewController.swift */,
				E901858C1BB33B9300F1BCAB /* TransferResultModalController.swift */,
				E901858B1BB33B9300F1BCAB /* TransferPhaseAngleViewController.swift */,
				E901858A1BB33B9300F1BCAB /* TransferManoeuverViewController.swift */,
			);
			path = Transfer;
			sourceTree = "<group>";
		};
		E90185951BB469E400F1BCAB /* Distribution */ = {
			isa = PBXGroup;
			children = (
				E90185961BB469E400F1BCAB /* DistributionFormViewController.swift */,
				E901859A1BB46A5400F1BCAB /* DistributionResultTableViewController.swift */,
			);
			path = Distribution;
			sourceTree = "<group>";
		};
		E901859C1BB4A8B600F1BCAB /* Settings */ = {
			isa = PBXGroup;
			children = (
				E901859D1BB4A8DE00F1BCAB /* SettingsViewController.swift */,
			);
			path = Settings;
			sourceTree = "<group>";
		};
		E907FE891BB1ED4000857D14 = {
			isa = PBXGroup;
			children = (
				E907FE941BB1ED4000857D14 /* KSPCompanion */,
				E907FE931BB1ED4000857D14 /* Products */,
				8A5468D2B8F629837BC2DE9F /* Pods */,
				B29E747990CF4026D7E5F625 /* Frameworks */,
			);
			sourceTree = "<group>";
		};
		E907FE931BB1ED4000857D14 /* Products */ = {
			isa = PBXGroup;
			children = (
				E907FE921BB1ED4000857D14 /* KSPCompanion.app */,
			);
			name = Products;
			sourceTree = "<group>";
		};
		E907FE941BB1ED4000857D14 /* KSPCompanion */ = {
			isa = PBXGroup;
			children = (
				E9808BFD1BB200AA000FA2CC /* Data */,
				E9808C011BB200AA000FA2CC /* Physics */,
				E9808C061BB200AA000FA2CC /* ViewControllers */,
				E9808C0A1BB200AA000FA2CC /* Views */,
				E907FE951BB1ED4000857D14 /* AppDelegate.swift */,
				E907FE9B1BB1ED4000857D14 /* Main.storyboard */,
				E907FEA01BB1ED4000857D14 /* LaunchScreen.storyboard */,
				E907FE9E1BB1ED4000857D14 /* Assets.xcassets */,
				E907FEA31BB1ED4000857D14 /* Info.plist */,
				E901859F1BB4C2AC00F1BCAB /* IAPControllerProductIds.plist */,
				E92A43AC1BB20DFE009B7526 /* Localizable.strings */,
			);
			path = KSPCompanion;
			sourceTree = "<group>";
		};
		E9808BFD1BB200AA000FA2CC /* Data */ = {
			isa = PBXGroup;
			children = (
				E9808BFE1BB200AA000FA2CC /* System.json */,
				E924D7251BB2E0D400443B4E /* OuterPlanets.json */,
				E9808BFF1BB200AA000FA2CC /* DataManager.swift */,
				E9808C001BB200AA000FA2CC /* SettingsManager.swift */,
			);
			path = Data;
			sourceTree = "<group>";
		};
		E9808C011BB200AA000FA2CC /* Physics */ = {
			isa = PBXGroup;
			children = (
				E9808C041BB200AA000FA2CC /* Constants.swift */,
				E9808C031BB200AA000FA2CC /* Celestial.swift */,
				E9808C051BB200AA000FA2CC /* Orbit.swift */,
				E9808C021BB200AA000FA2CC /* Atmosphere.swift */,
			);
			path = Physics;
			sourceTree = "<group>";
		};
		E9808C061BB200AA000FA2CC /* ViewControllers */ = {
			isa = PBXGroup;
			children = (
				E9A288221BB2281300714612 /* KSPSplitViewController.swift */,
				E9808C071BB200AA000FA2CC /* Celestials */,
				E90185881BB33B9300F1BCAB /* Transfer */,
				E90185951BB469E400F1BCAB /* Distribution */,
				E901859C1BB4A8B600F1BCAB /* Settings */,
			);
			path = ViewControllers;
			sourceTree = "<group>";
		};
		E9808C071BB200AA000FA2CC /* Celestials */ = {
			isa = PBXGroup;
			children = (
				E9808C081BB200AA000FA2CC /* CelestialsTableViewController.swift */,
				E9808C091BB200AA000FA2CC /* CelestialViewController.swift */,
				E90185821BB3046E00F1BCAB /* SolarSystemSelector.swift */,
			);
			path = Celestials;
			sourceTree = "<group>";
		};
		E9808C0A1BB200AA000FA2CC /* Views */ = {
			isa = PBXGroup;
			children = (
				E90185841BB33B7C00F1BCAB /* TransferAnglePhaseView.swift */,
				E90185851BB33B7C00F1BCAB /* TransferManoeuverView.swift */,
			);
			path = Views;
			sourceTree = "<group>";
		};
/* End PBXGroup section */

/* Begin PBXNativeTarget section */
		E907FE911BB1ED4000857D14 /* KSPCompanion */ = {
			isa = PBXNativeTarget;
			buildConfigurationList = E907FEA61BB1ED4000857D14 /* Build configuration list for PBXNativeTarget "KSPCompanion" */;
			buildPhases = (
				A732D987F71082EE96DEDDBA /* Check Pods Manifest.lock */,
				E907FE8E1BB1ED4000857D14 /* Sources */,
				E907FE8F1BB1ED4000857D14 /* Frameworks */,
				E907FE901BB1ED4000857D14 /* Resources */,
				E9808BFB1BB1FE70000FA2CC /* Embed Frameworks */,
				BDBFF2D7C5A94F1AE0C7D533 /* Embed Pods Frameworks */,
				10AAE0B1AE1941E1ACE29C56 /* Copy Pods Resources */,
			);
			buildRules = (
			);
			dependencies = (
			);
			name = KSPCompanion;
			productName = KSPCompanion;
			productReference = E907FE921BB1ED4000857D14 /* KSPCompanion.app */;
			productType = "com.apple.product-type.application";
		};
/* End PBXNativeTarget section */

/* Begin PBXProject section */
		E907FE8A1BB1ED4000857D14 /* Project object */ = {
			isa = PBXProject;
			attributes = {
				LastUpgradeCheck = 0700;
				ORGANIZATIONNAME = "Thomas Durand";
				TargetAttributes = {
					E907FE911BB1ED4000857D14 = {
						CreatedOnToolsVersion = 7.0;
					};
				};
			};
			buildConfigurationList = E907FE8D1BB1ED4000857D14 /* Build configuration list for PBXProject "KSPCompanion" */;
			compatibilityVersion = "Xcode 3.2";
			developmentRegion = English;
			hasScannedForEncodings = 0;
			knownRegions = (
				en,
				Base,
				fr,
			);
			mainGroup = E907FE891BB1ED4000857D14;
			productRefGroup = E907FE931BB1ED4000857D14 /* Products */;
			projectDirPath = "";
			projectRoot = "";
			targets = (
				E907FE911BB1ED4000857D14 /* KSPCompanion */,
			);
		};
/* End PBXProject section */

/* Begin PBXResourcesBuildPhase section */
		E907FE901BB1ED4000857D14 /* Resources */ = {
			isa = PBXResourcesBuildPhase;
			buildActionMask = 2147483647;
			files = (
				E92A43AA1BB20DFE009B7526 /* Localizable.strings in Resources */,
				E90185A01BB4C2AC00F1BCAB /* IAPControllerProductIds.plist in Resources */,
				E924D7261BB2E0D400443B4E /* OuterPlanets.json in Resources */,
				E9808C0B1BB200AA000FA2CC /* System.json in Resources */,
				E907FEA21BB1ED4000857D14 /* LaunchScreen.storyboard in Resources */,
				E907FE9F1BB1ED4000857D14 /* Assets.xcassets in Resources */,
				E907FE9D1BB1ED4000857D14 /* Main.storyboard in Resources */,
			);
			runOnlyForDeploymentPostprocessing = 0;
		};
/* End PBXResourcesBuildPhase section */

/* Begin PBXShellScriptBuildPhase section */
		10AAE0B1AE1941E1ACE29C56 /* Copy Pods Resources */ = {
			isa = PBXShellScriptBuildPhase;
			buildActionMask = 2147483647;
			files = (
			);
			inputPaths = (
			);
			name = "Copy Pods Resources";
			outputPaths = (
			);
			runOnlyForDeploymentPostprocessing = 0;
			shellPath = /bin/sh;
			shellScript = "\"${SRCROOT}/Pods/Target Support Files/Pods/Pods-resources.sh\"\n";
			showEnvVarsInLog = 0;
		};
		A732D987F71082EE96DEDDBA /* Check Pods Manifest.lock */ = {
			isa = PBXShellScriptBuildPhase;
			buildActionMask = 2147483647;
			files = (
			);
			inputPaths = (
			);
			name = "Check Pods Manifest.lock";
			outputPaths = (
			);
			runOnlyForDeploymentPostprocessing = 0;
			shellPath = /bin/sh;
			shellScript = "diff \"${PODS_ROOT}/../Podfile.lock\" \"${PODS_ROOT}/Manifest.lock\" > /dev/null\nif [[ $? != 0 ]] ; then\n    cat << EOM\nerror: The sandbox is not in sync with the Podfile.lock. Run 'pod install' or update your CocoaPods installation.\nEOM\n    exit 1\nfi\n";
			showEnvVarsInLog = 0;
		};
		BDBFF2D7C5A94F1AE0C7D533 /* Embed Pods Frameworks */ = {
			isa = PBXShellScriptBuildPhase;
			buildActionMask = 2147483647;
			files = (
			);
			inputPaths = (
			);
			name = "Embed Pods Frameworks";
			outputPaths = (
			);
			runOnlyForDeploymentPostprocessing = 0;
			shellPath = /bin/sh;
			shellScript = "\"${SRCROOT}/Pods/Target Support Files/Pods/Pods-frameworks.sh\"\n";
			showEnvVarsInLog = 0;
		};
/* End PBXShellScriptBuildPhase section */

/* Begin PBXSourcesBuildPhase section */
		E907FE8E1BB1ED4000857D14 /* Sources */ = {
			isa = PBXSourcesBuildPhase;
			buildActionMask = 2147483647;
			files = (
				E90185911BB33B9300F1BCAB /* TransferResultModalController.swift in Sources */,
				E90185831BB3046E00F1BCAB /* SolarSystemSelector.swift in Sources */,
				E901859E1BB4A8DE00F1BCAB /* SettingsViewController.swift in Sources */,
				E90185871BB33B7C00F1BCAB /* TransferManoeuverView.swift in Sources */,
				E9A288231BB2281300714612 /* KSPSplitViewController.swift in Sources */,
				E9808C0E1BB200AA000FA2CC /* Atmosphere.swift in Sources */,
				E9808C111BB200AA000FA2CC /* Orbit.swift in Sources */,
				E901858F1BB33B9300F1BCAB /* TransferManoeuverViewController.swift in Sources */,
				E9808C0D1BB200AA000FA2CC /* SettingsManager.swift in Sources */,
				E9808C0C1BB200AA000FA2CC /* DataManager.swift in Sources */,
				E9808C131BB200AA000FA2CC /* CelestialViewController.swift in Sources */,
				E901858E1BB33B9300F1BCAB /* TransferFormViewController.swift in Sources */,
				E90185941BB348E000F1BCAB /* TransferResultTableViewController.swift in Sources */,
				E9808C0F1BB200AA000FA2CC /* Celestial.swift in Sources */,
				E907FE961BB1ED4000857D14 /* AppDelegate.swift in Sources */,
				E9808C121BB200AA000FA2CC /* CelestialsTableViewController.swift in Sources */,
				E90185981BB469E400F1BCAB /* DistributionFormViewController.swift in Sources */,
				E90185901BB33B9300F1BCAB /* TransferPhaseAngleViewController.swift in Sources */,
				E9808C101BB200AA000FA2CC /* Constants.swift in Sources */,
				E90185861BB33B7C00F1BCAB /* TransferAnglePhaseView.swift in Sources */,
				E901859B1BB46A5400F1BCAB /* DistributionResultTableViewController.swift in Sources */,
			);
			runOnlyForDeploymentPostprocessing = 0;
		};
/* End PBXSourcesBuildPhase section */

/* Begin PBXVariantGroup section */
		E907FE9B1BB1ED4000857D14 /* Main.storyboard */ = {
			isa = PBXVariantGroup;
			children = (
				E907FE9C1BB1ED4000857D14 /* Base */,
			);
			name = Main.storyboard;
			sourceTree = "<group>";
		};
		E907FEA01BB1ED4000857D14 /* LaunchScreen.storyboard */ = {
			isa = PBXVariantGroup;
			children = (
				E907FEA11BB1ED4000857D14 /* Base */,
			);
			name = LaunchScreen.storyboard;
			sourceTree = "<group>";
		};
		E92A43AC1BB20DFE009B7526 /* Localizable.strings */ = {
			isa = PBXVariantGroup;
			children = (
				E92A43AB1BB20DFE009B7526 /* en */,
				E92A43AD1BB20E25009B7526 /* fr */,
			);
			name = Localizable.strings;
			sourceTree = "<group>";
		};
/* End PBXVariantGroup section */

/* Begin XCBuildConfiguration section */
		E907FEA41BB1ED4000857D14 /* Debug */ = {
			isa = XCBuildConfiguration;
			buildSettings = {
				ALWAYS_SEARCH_USER_PATHS = NO;
				CLANG_CXX_LANGUAGE_STANDARD = "gnu++0x";
				CLANG_CXX_LIBRARY = "libc++";
				CLANG_ENABLE_MODULES = YES;
				CLANG_ENABLE_OBJC_ARC = YES;
				CLANG_WARN_BOOL_CONVERSION = YES;
				CLANG_WARN_CONSTANT_CONVERSION = YES;
				CLANG_WARN_DIRECT_OBJC_ISA_USAGE = YES_ERROR;
				CLANG_WARN_EMPTY_BODY = YES;
				CLANG_WARN_ENUM_CONVERSION = YES;
				CLANG_WARN_INT_CONVERSION = YES;
				CLANG_WARN_OBJC_ROOT_CLASS = YES_ERROR;
				CLANG_WARN_UNREACHABLE_CODE = YES;
				CLANG_WARN__DUPLICATE_METHOD_MATCH = YES;
				"CODE_SIGN_IDENTITY[sdk=iphoneos*]" = "iPhone Developer";
				COPY_PHASE_STRIP = NO;
				DEBUG_INFORMATION_FORMAT = dwarf;
				ENABLE_STRICT_OBJC_MSGSEND = YES;
				ENABLE_TESTABILITY = YES;
				GCC_C_LANGUAGE_STANDARD = gnu99;
				GCC_DYNAMIC_NO_PIC = NO;
				GCC_NO_COMMON_BLOCKS = YES;
				GCC_OPTIMIZATION_LEVEL = 0;
				GCC_PREPROCESSOR_DEFINITIONS = (
					"DEBUG=1",
					"$(inherited)",
				);
				GCC_WARN_64_TO_32_BIT_CONVERSION = YES;
				GCC_WARN_ABOUT_RETURN_TYPE = YES_ERROR;
				GCC_WARN_UNDECLARED_SELECTOR = YES;
				GCC_WARN_UNINITIALIZED_AUTOS = YES_AGGRESSIVE;
				GCC_WARN_UNUSED_FUNCTION = YES;
				GCC_WARN_UNUSED_VARIABLE = YES;
				IPHONEOS_DEPLOYMENT_TARGET = 8.0;
				MTL_ENABLE_DEBUG_INFO = YES;
				ONLY_ACTIVE_ARCH = YES;
				SDKROOT = iphoneos;
				SWIFT_OPTIMIZATION_LEVEL = "-Onone";
				TARGETED_DEVICE_FAMILY = "1,2";
			};
			name = Debug;
		};
		E907FEA51BB1ED4000857D14 /* Release */ = {
			isa = XCBuildConfiguration;
			buildSettings = {
				ALWAYS_SEARCH_USER_PATHS = NO;
				CLANG_CXX_LANGUAGE_STANDARD = "gnu++0x";
				CLANG_CXX_LIBRARY = "libc++";
				CLANG_ENABLE_MODULES = YES;
				CLANG_ENABLE_OBJC_ARC = YES;
				CLANG_WARN_BOOL_CONVERSION = YES;
				CLANG_WARN_CONSTANT_CONVERSION = YES;
				CLANG_WARN_DIRECT_OBJC_ISA_USAGE = YES_ERROR;
				CLANG_WARN_EMPTY_BODY = YES;
				CLANG_WARN_ENUM_CONVERSION = YES;
				CLANG_WARN_INT_CONVERSION = YES;
				CLANG_WARN_OBJC_ROOT_CLASS = YES_ERROR;
				CLANG_WARN_UNREACHABLE_CODE = YES;
				CLANG_WARN__DUPLICATE_METHOD_MATCH = YES;
				"CODE_SIGN_IDENTITY[sdk=iphoneos*]" = "iPhone Developer";
				COPY_PHASE_STRIP = NO;
				DEBUG_INFORMATION_FORMAT = "dwarf-with-dsym";
				ENABLE_NS_ASSERTIONS = NO;
				ENABLE_STRICT_OBJC_MSGSEND = YES;
				GCC_C_LANGUAGE_STANDARD = gnu99;
				GCC_NO_COMMON_BLOCKS = YES;
				GCC_WARN_64_TO_32_BIT_CONVERSION = YES;
				GCC_WARN_ABOUT_RETURN_TYPE = YES_ERROR;
				GCC_WARN_UNDECLARED_SELECTOR = YES;
				GCC_WARN_UNINITIALIZED_AUTOS = YES_AGGRESSIVE;
				GCC_WARN_UNUSED_FUNCTION = YES;
				GCC_WARN_UNUSED_VARIABLE = YES;
				IPHONEOS_DEPLOYMENT_TARGET = 8.0;
				MTL_ENABLE_DEBUG_INFO = NO;
				SDKROOT = iphoneos;
				TARGETED_DEVICE_FAMILY = "1,2";
				VALIDATE_PRODUCT = YES;
			};
			name = Release;
		};
		E907FEA71BB1ED4000857D14 /* Debug */ = {
			isa = XCBuildConfiguration;
			baseConfigurationReference = 25F59577345E9C38C2D08C5C /* Pods.debug.xcconfig */;
			buildSettings = {
				ASSETCATALOG_COMPILER_APPICON_NAME = AppIcon;
				ENABLE_ON_DEMAND_RESOURCES = NO;
				INFOPLIST_FILE = KSPCompanion/Info.plist;
				IPHONEOS_DEPLOYMENT_TARGET = 8.0;
				LD_RUNPATH_SEARCH_PATHS = "$(inherited) @executable_path/Frameworks";
				PRODUCT_BUNDLE_IDENTIFIER = fr.Dean.KSPCompanion;
				PRODUCT_NAME = "$(TARGET_NAME)";
			};
			name = Debug;
		};
		E907FEA81BB1ED4000857D14 /* Release */ = {
			isa = XCBuildConfiguration;
			baseConfigurationReference = 453AAB7E7C22AFE04A3A6A9B /* Pods.release.xcconfig */;
			buildSettings = {
				ASSETCATALOG_COMPILER_APPICON_NAME = AppIcon;
				ENABLE_ON_DEMAND_RESOURCES = NO;
				INFOPLIST_FILE = KSPCompanion/Info.plist;
				IPHONEOS_DEPLOYMENT_TARGET = 8.0;
				LD_RUNPATH_SEARCH_PATHS = "$(inherited) @executable_path/Frameworks";
				PRODUCT_BUNDLE_IDENTIFIER = fr.Dean.KSPCompanion;
				PRODUCT_NAME = "$(TARGET_NAME)";
			};
			name = Release;
		};
/* End XCBuildConfiguration section */

/* Begin XCConfigurationList section */
		E907FE8D1BB1ED4000857D14 /* Build configuration list for PBXProject "KSPCompanion" */ = {
			isa = XCConfigurationList;
			buildConfigurations = (
				E907FEA41BB1ED4000857D14 /* Debug */,
				E907FEA51BB1ED4000857D14 /* Release */,
			);
			defaultConfigurationIsVisible = 0;
			defaultConfigurationName = Release;
		};
		E907FEA61BB1ED4000857D14 /* Build configuration list for PBXNativeTarget "KSPCompanion" */ = {
			isa = XCConfigurationList;
			buildConfigurations = (
				E907FEA71BB1ED4000857D14 /* Debug */,
				E907FEA81BB1ED4000857D14 /* Release */,
			);
			defaultConfigurationIsVisible = 0;
			defaultConfigurationName = Release;
		};
/* End XCConfigurationList section */
	};
	rootObject = E907FE8A1BB1ED4000857D14 /* Project object */;
}
